{
  "name": "ReactCompontent",
  "version": "1.0.0",
  "lockfileVersion": 1,
  "requires": true,
  "dependencies": {
    "@storybook/addon-comments": {
      "version": "3.2.17",
      "resolved": "http://registry.npm.taobao.org/@storybook/addon-comments/download/@storybook/addon-comments-3.2.17.tgz",
      "integrity": "sha1-g4lokr2r/SY7OG+jOddF3WlrULI=",
      "dev": true,
      "requires": {
        "@storybook/addons": "3.2.17",
        "babel-runtime": "6.26.0",
        "deep-equal": "1.0.1",
        "events": "1.1.1",
        "global": "4.3.2",
        "insert-css": "2.0.0",
        "marked": "0.3.7",
        "moment": "2.19.3",
        "prop-types": "15.6.0",
        "react-render-html": "0.6.0",
        "react-textarea-autosize": "5.2.1"
      }
    },
    "@storybook/addon-graphql": {
      "version": "3.2.17",
      "resolved": "http://registry.npm.taobao.org/@storybook/addon-graphql/download/@storybook/addon-graphql-3.2.17.tgz",
      "integrity": "sha1-do2Ajn2pQ9xg8MNFq5z7+dZz0VY=",
      "dev": true,
      "requires": {
        "global": "4.3.2",
        "graphiql": "0.11.10",
        "graphql": "0.11.7",
        "prop-types": "15.6.0"
      }
    },
    "@storybook/addon-info": {
      "version": "3.2.17",
      "resolved": "http://registry.npm.taobao.org/@storybook/addon-info/download/@storybook/addon-info-3.2.17.tgz",
      "integrity": "sha1-oaYSyjI8NgCJ3U1JrKir+QLUkp0=",
      "dev": true,
      "requires": {
        "@storybook/addons": "3.2.17",
        "@storybook/components": "3.2.17",
        "babel-runtime": "6.26.0",
        "global": "4.3.2",
        "marksy": "2.0.1",
        "prop-types": "15.6.0",
        "react-addons-create-fragment": "15.6.2",
        "util-deprecate": "1.0.2"
      }
    },
    "@storybook/addon-knobs": {
      "version": "3.2.17",
      "resolved": "http://registry.npm.taobao.org/@storybook/addon-knobs/download/@storybook/addon-knobs-3.2.17.tgz",
      "integrity": "sha1-M3MgxwT5v1Mhcniqen1ELDQo/PM=",
      "dev": true,
      "requires": {
        "@storybook/addons": "3.2.17",
        "babel-runtime": "6.26.0",
        "deep-equal": "1.0.1",
        "global": "4.3.2",
        "insert-css": "2.0.0",
        "lodash.debounce": "4.0.8",
        "moment": "2.19.3",
        "prop-types": "15.6.0",
        "react-color": "2.13.8",
        "react-datetime": "2.11.1",
        "react-textarea-autosize": "5.2.1",
        "util-deprecate": "1.0.2"
      }
    },
    "@storybook/addon-notes": {
      "version": "3.2.17",
      "resolved": "http://registry.npm.taobao.org/@storybook/addon-notes/download/@storybook/addon-notes-3.2.17.tgz",
      "integrity": "sha1-jDmkYkn65H2+0TOMr5OsoFqi9Kg=",
      "dev": true,
      "requires": {
        "@storybook/addons": "3.2.17",
        "@types/react": "16.0.27",
        "babel-runtime": "6.26.0",
        "prop-types": "15.6.0",
        "util-deprecate": "1.0.2"
      }
    },
    "@storybook/addon-options": {
      "version": "3.2.17",
      "resolved": "http://registry.npm.taobao.org/@storybook/addon-options/download/@storybook/addon-options-3.2.17.tgz",
      "integrity": "sha1-HKHeHzz4rH7Jm83VNNbgNPnuTyA=",
      "dev": true,
      "requires": {
        "@storybook/addons": "3.2.17"
      }
    },
    "@storybook/addons": {
      "version": "3.2.17",
      "resolved": "http://registry.npm.taobao.org/@storybook/addons/download/@storybook/addons-3.2.17.tgz",
      "integrity": "sha1-XC7OJMX3+/fO30z+UDxeNWVD5i0=",
      "dev": true
    },
    "@storybook/components": {
      "version": "3.2.17",
      "resolved": "http://registry.npm.taobao.org/@storybook/components/download/@storybook/components-3.2.17.tgz",
      "integrity": "sha1-MYxuah0/+0aVI7Xc/ud1Y5zMUAs=",
      "dev": true,
      "requires": {
        "glamor": "2.20.40",
        "glamorous": "4.11.0",
        "prop-types": "15.6.0"
      }
    },
    "@types/node": {
      "version": "8.0.55",
      "resolved": "http://registry.npm.taobao.org/@types/node/download/@types/node-8.0.55.tgz",
      "integrity": "sha1-AVlmwK+Akha4pGzFJ7XCEZlNNvA=",
      "dev": true
    },
    "@types/react": {
      "version": "16.0.27",
      "resolved": "http://registry.npm.taobao.org/@types/react/download/@types/react-16.0.27.tgz",
      "integrity": "sha1-NBiZRp6i6YtIsRwYr7TYNh0DsBM=",
      "dev": true
    },
    "argparse": {
      "version": "1.0.9",
      "resolved": "http://registry.npm.taobao.org/argparse/download/argparse-1.0.9.tgz",
      "integrity": "sha1-c9g7wmP4bpf4zE9rrhsOkKfSLIY=",
      "dev": true,
      "requires": {
        "sprintf-js": "1.0.3"
      }
    },
    "asap": {
      "version": "2.0.6",
      "resolved": "http://registry.npm.taobao.org/asap/download/asap-2.0.6.tgz",
      "integrity": "sha1-5QNHYR1+aQlDIIu9r+vLwvuGbUY=",
      "dev": true
    },
    "babel-runtime": {
      "version": "6.26.0",
      "resolved": "http://registry.npm.taobao.org/babel-runtime/download/babel-runtime-6.26.0.tgz",
      "integrity": "sha1-llxwWGaOgrVde/4E/yM3vItWR/4=",
      "dev": true,
      "requires": {
        "core-js": "2.5.1",
        "regenerator-runtime": "0.11.0"
      }
    },
    "babel-standalone": {
      "version": "6.26.0",
      "resolved": "http://registry.npm.taobao.org/babel-standalone/download/babel-standalone-6.26.0.tgz",
      "integrity": "sha1-Ffs9NfLEVmlYFevx7Zb+fwFbaIY=",
      "dev": true
    },
    "balanced-match": {
      "version": "1.0.0",
      "resolved": "http://registry.npm.taobao.org/balanced-match/download/balanced-match-1.0.0.tgz",
      "integrity": "sha1-ibTRmasr7kneFk6gK4nORi1xt2c=",
      "dev": true
    },
    "bowser": {
      "version": "1.8.1",
      "resolved": "http://registry.npm.taobao.org/bowser/download/bowser-1.8.1.tgz",
      "integrity": "sha1-SXhXd+cwL+utsaW3HZpkZSDtMQ0=",
      "dev": true
    },
    "brace-expansion": {
      "version": "1.1.8",
      "resolved": "http://registry.npm.taobao.org/brace-expansion/download/brace-expansion-1.1.8.tgz",
      "integrity": "sha1-wHshHHyVLsH479Uad+8NHTmQopI=",
      "dev": true,
      "requires": {
        "balanced-match": "1.0.0",
        "concat-map": "0.0.1"
      }
    },
    "brcast": {
      "version": "3.0.1",
      "resolved": "http://registry.npm.taobao.org/brcast/download/brcast-3.0.1.tgz",
      "integrity": "sha1-YlaoNJsg3p7tRCV6myTXFJPNSN0=",
      "dev": true
    },
    "codemirror": {
      "version": "5.32.0",
      "resolved": "http://registry.npm.taobao.org/codemirror/download/codemirror-5.32.0.tgz",
      "integrity": "sha1-y2/12O820LEPAxEw4tnr7ukskC4=",
      "dev": true
    },
    "codemirror-graphql": {
      "version": "0.6.12",
      "resolved": "http://registry.npm.taobao.org/codemirror-graphql/download/codemirror-graphql-0.6.12.tgz",
      "integrity": "sha1-kaJz/lGIhXUkowIh0G5kW0ykHwA=",
      "dev": true,
      "requires": {
        "graphql-language-service-interface": "1.0.16",
        "graphql-language-service-parser": "0.1.14"
      }
    },
    "concat-map": {
      "version": "0.0.1",
      "resolved": "http://registry.npm.taobao.org/concat-map/download/concat-map-0.0.1.tgz",
      "integrity": "sha1-2Klr13/Wjfd5OnMDajug1UBdR3s=",
      "dev": true
    },
    "core-js": {
      "version": "2.5.1",
      "resolved": "http://registry.npm.taobao.org/core-js/download/core-js-2.5.1.tgz",
      "integrity": "sha1-rmh03GaTd4m4B1T/VCjfZoGcpQs=",
      "dev": true
    },
    "create-react-class": {
      "version": "15.6.2",
      "resolved": "http://registry.npm.taobao.org/create-react-class/download/create-react-class-15.6.2.tgz",
      "integrity": "sha1-zx7RXxKq1/FO9fLf4F5sQvke8Co=",
      "dev": true,
      "requires": {
        "fbjs": "0.8.16",
        "loose-envify": "1.3.1",
        "object-assign": "4.1.1"
      }
    },
    "cross-fetch": {
      "version": "0.0.8",
      "resolved": "http://registry.npm.taobao.org/cross-fetch/download/cross-fetch-0.0.8.tgz",
      "integrity": "sha1-Ae2U3EB98sAPGAf95wCnz6SKIFw=",
      "dev": true,
      "requires": {
        "node-fetch": "1.7.3",
        "whatwg-fetch": "2.0.3"
      }
    },
    "css-in-js-utils": {
      "version": "2.0.0",
      "resolved": "http://registry.npm.taobao.org/css-in-js-utils/download/css-in-js-utils-2.0.0.tgz",
      "integrity": "sha1-WvHdcPSwazMfSNIqPYbgeGwLlDU=",
      "dev": true,
      "requires": {
        "hyphenate-style-name": "1.0.2"
      }
    },
    "deep-equal": {
      "version": "1.0.1",
      "resolved": "http://registry.npm.taobao.org/deep-equal/download/deep-equal-1.0.1.tgz",
      "integrity": "sha1-9dJgKStmDghO/0zbyfCK0yR0SLU=",
      "dev": true
    },
    "dom-walk": {
      "version": "0.1.1",
      "resolved": "http://registry.npm.taobao.org/dom-walk/download/dom-walk-0.1.1.tgz",
      "integrity": "sha1-ZyIm3HTI95mtNTB9+TaroRrNYBg=",
      "dev": true
    },
    "encoding": {
      "version": "0.1.12",
      "resolved": "http://registry.npm.taobao.org/encoding/download/encoding-0.1.12.tgz",
      "integrity": "sha1-U4tm8+5izRq1HsMjgp0flIDHS+s=",
      "dev": true,
      "requires": {
        "iconv-lite": "0.4.19"
      }
    },
    "esprima": {
      "version": "4.0.0",
      "resolved": "http://registry.npm.taobao.org/esprima/download/esprima-4.0.0.tgz",
      "integrity": "sha1-RJnt3NERDgshi6zy+n9/WfVcqAQ=",
      "dev": true
    },
    "events": {
      "version": "1.1.1",
      "resolved": "http://registry.npm.taobao.org/events/download/events-1.1.1.tgz",
      "integrity": "sha1-nr23Y1rQmccNzEwqH1AEKI6L2SQ=",
      "dev": true
    },
    "fast-memoize": {
      "version": "2.2.8",
      "resolved": "http://registry.npm.taobao.org/fast-memoize/download/fast-memoize-2.2.8.tgz",
      "integrity": "sha1-1/iZ8x0DexLZ20KBkS+QGFdXILE=",
      "dev": true
    },
    "fbjs": {
      "version": "0.8.16",
      "resolved": "http://registry.npm.taobao.org/fbjs/download/fbjs-0.8.16.tgz",
      "integrity": "sha1-XmdDL1UNxBtXK/VYR7ispk5TN9s=",
      "dev": true,
      "requires": {
        "core-js": "1.2.7",
        "isomorphic-fetch": "2.2.1",
        "loose-envify": "1.3.1",
        "object-assign": "4.1.1",
        "promise": "7.3.1",
        "setimmediate": "1.0.5",
        "ua-parser-js": "0.7.17"
      },
      "dependencies": {
        "core-js": {
          "version": "1.2.7",
          "resolved": "http://registry.npm.taobao.org/core-js/download/core-js-1.2.7.tgz",
          "integrity": "sha1-ZSKUwUZR2yj6k70tX/KYOk8IxjY=",
          "dev": true
        }
      }
    },
    "fs.realpath": {
      "version": "1.0.0",
      "resolved": "http://registry.npm.taobao.org/fs.realpath/download/fs.realpath-1.0.0.tgz",
      "integrity": "sha1-FQStJSMVjKpA20onh8sBQRmU6k8=",
      "dev": true
    },
    "glamor": {
      "version": "2.20.40",
      "resolved": "http://registry.npm.taobao.org/glamor/download/glamor-2.20.40.tgz",
      "integrity": "sha1-9gZmA1e3zxjfrOcxrRos+pOBfwU=",
      "dev": true,
      "requires": {
        "fbjs": "0.8.16",
        "inline-style-prefixer": "3.0.8",
        "object-assign": "4.1.1",
        "prop-types": "15.6.0",
        "through": "2.3.8"
      }
    },
    "glamorous": {
      "version": "4.11.0",
      "resolved": "http://registry.npm.taobao.org/glamorous/download/glamorous-4.11.0.tgz",
      "integrity": "sha1-y4Rt2hRQyJXFmjQGD7GeMlHtYZ8=",
      "dev": true,
      "requires": {
        "brcast": "3.0.1",
        "fast-memoize": "2.2.8",
        "html-tag-names": "1.1.2",
        "is-function": "1.0.1",
        "is-plain-object": "2.0.4",
        "react-html-attributes": "1.4.1",
        "svg-tag-names": "1.1.1"
      }
    },
    "glob": {
      "version": "7.1.2",
      "resolved": "http://registry.npm.taobao.org/glob/download/glob-7.1.2.tgz",
      "integrity": "sha1-wZyd+aAocC1nhhI4SmVSQExjbRU=",
      "dev": true,
      "requires": {
        "fs.realpath": "1.0.0",
        "inflight": "1.0.6",
        "inherits": "2.0.3",
        "minimatch": "3.0.4",
        "once": "1.4.0",
        "path-is-absolute": "1.0.1"
      }
    },
    "global": {
      "version": "4.3.2",
      "resolved": "http://registry.npm.taobao.org/global/download/global-4.3.2.tgz",
      "integrity": "sha1-52mJJopsdMOJCLEwWxD8DjlOnQ8=",
      "dev": true,
      "requires": {
        "min-document": "2.19.0",
        "process": "0.5.2"
      }
    },
    "graphiql": {
      "version": "0.11.10",
      "resolved": "http://registry.npm.taobao.org/graphiql/download/graphiql-0.11.10.tgz",
      "integrity": "sha1-bSQmG1zNBLr86kuBaO4v+JuyIkg=",
      "dev": true,
      "requires": {
        "codemirror": "5.32.0",
        "codemirror-graphql": "0.6.12",
        "marked": "0.3.6"
      },
      "dependencies": {
        "marked": {
          "version": "0.3.6",
          "resolved": "http://registry.npm.taobao.org/marked/download/marked-0.3.6.tgz",
          "integrity": "sha1-ssbGGPzOzk74bE/Gy4p8v1rtqNc=",
          "dev": true
        }
      }
    },
    "graphql": {
      "version": "0.11.7",
      "resolved": "http://registry.npm.taobao.org/graphql/download/graphql-0.11.7.tgz",
      "integrity": "sha1-5auqnLe3zMuE6fCDa/Q3DSaHUMY=",
      "dev": true,
      "requires": {
        "iterall": "1.1.3"
      }
    },
    "graphql-config": {
      "version": "1.0.8",
      "resolved": "http://registry.npm.taobao.org/graphql-config/download/graphql-config-1.0.8.tgz",
      "integrity": "sha1-bdHNdv9vuwFmJwT4vdxAP2sMJNk=",
      "dev": true,
      "requires": {
        "graphql": "0.11.7",
        "graphql-request": "1.4.0",
        "js-yaml": "3.10.0",
        "minimatch": "3.0.4",
        "rimraf": "2.6.2"
      }
    },
    "graphql-language-service-interface": {
      "version": "1.0.16",
      "resolved": "http://registry.npm.taobao.org/graphql-language-service-interface/download/graphql-language-service-interface-1.0.16.tgz",
      "integrity": "sha1-Dm3YVb8L3uhOdFayEoouX1bk9Hs=",
      "dev": true,
      "requires": {
        "graphql-config": "1.0.8",
        "graphql-language-service-parser": "0.1.14",
        "graphql-language-service-types": "0.1.14",
        "graphql-language-service-utils": "1.0.16"
      }
    },
    "graphql-language-service-parser": {
      "version": "0.1.14",
      "resolved": "http://registry.npm.taobao.org/graphql-language-service-parser/download/graphql-language-service-parser-0.1.14.tgz",
      "integrity": "sha1-3SWr2l3P9PImjJoZ4CYAQnFJFmE=",
      "dev": true,
      "requires": {
        "graphql-language-service-types": "0.1.14"
      }
    },
    "graphql-language-service-types": {
      "version": "0.1.14",
      "resolved": "http://registry.npm.taobao.org/graphql-language-service-types/download/graphql-language-service-types-0.1.14.tgz",
      "integrity": "sha1-5hEnhfwj6oIi9Zp/AOYbNZ8mPIg=",
      "dev": true
    },
    "graphql-language-service-utils": {
      "version": "1.0.16",
      "resolved": "http://registry.npm.taobao.org/graphql-language-service-utils/download/graphql-language-service-utils-1.0.16.tgz",
      "integrity": "sha1-605Ela7vDEtv/YxoGFhViGLGXp4=",
      "dev": true,
      "requires": {
        "graphql-config": "1.0.8",
        "graphql-language-service-types": "0.1.14"
      }
    },
    "graphql-request": {
      "version": "1.4.0",
      "resolved": "http://registry.npm.taobao.org/graphql-request/download/graphql-request-1.4.0.tgz",
      "integrity": "sha1-9bBnyDBwKW2T+0V2DoPfrQ2fU3o=",
      "dev": true,
      "requires": {
        "cross-fetch": "0.0.8"
      }
    },
    "he": {
      "version": "1.1.1",
      "resolved": "http://registry.npm.taobao.org/he/download/he-1.1.1.tgz",
      "integrity": "sha1-k0EP0hsAlzUVH4howvJx80J+I/0=",
      "dev": true
    },
    "html-element-attributes": {
      "version": "1.3.0",
      "resolved": "http://registry.npm.taobao.org/html-element-attributes/download/html-element-attributes-1.3.0.tgz",
      "integrity": "sha1-8G69/OIt6XnbggICZcrFQfsX1Pw=",
      "dev": true
    },
    "html-tag-names": {
      "version": "1.1.2",
      "resolved": "http://registry.npm.taobao.org/html-tag-names/download/html-tag-names-1.1.2.tgz",
      "integrity": "sha1-9lFolkxanIJnXv2ogoddyyqHXCI=",
      "dev": true
    },
    "hyphenate-style-name": {
      "version": "1.0.2",
      "resolved": "http://registry.npm.taobao.org/hyphenate-style-name/download/hyphenate-style-name-1.0.2.tgz",
      "integrity": "sha1-MRYKNpMK2vH8BMYHT360FGXU7Es=",
      "dev": true
    },
    "iconv-lite": {
      "version": "0.4.19",
      "resolved": "http://registry.npm.taobao.org/iconv-lite/download/iconv-lite-0.4.19.tgz",
      "integrity": "sha1-90aPYBNfXl2tM5nAqBvpoWA6CCs=",
      "dev": true
    },
    "inflight": {
      "version": "1.0.6",
      "resolved": "http://registry.npm.taobao.org/inflight/download/inflight-1.0.6.tgz",
      "integrity": "sha1-Sb1jMdfQLQwJvJEKEHW6gWW1bfk=",
      "dev": true,
      "requires": {
        "once": "1.4.0",
        "wrappy": "1.0.2"
      }
    },
    "inherits": {
      "version": "2.0.3",
      "resolved": "http://registry.npm.taobao.org/inherits/download/inherits-2.0.3.tgz",
      "integrity": "sha1-Yzwsg+PaQqUC9SRmAiSA9CCCYd4=",
      "dev": true
    },
    "inline-style-prefixer": {
      "version": "3.0.8",
      "resolved": "http://registry.npm.taobao.org/inline-style-prefixer/download/inline-style-prefixer-3.0.8.tgz",
      "integrity": "sha1-hVG45bTVcyROZqNLBPfTIHaitTQ=",
      "dev": true,
      "requires": {
        "bowser": "1.8.1",
        "css-in-js-utils": "2.0.0"
      }
    },
    "insert-css": {
      "version": "2.0.0",
      "resolved": "http://registry.npm.taobao.org/insert-css/download/insert-css-2.0.0.tgz",
      "integrity": "sha1-610Ql7dUL0x56jBg067gfQU4gPQ=",
      "dev": true
    },
    "is-function": {
      "version": "1.0.1",
      "resolved": "http://registry.npm.taobao.org/is-function/download/is-function-1.0.1.tgz",
      "integrity": "sha1-Es+5i2W1fdPRk6MSH19uL0N2ArU=",
      "dev": true
    },
    "is-plain-object": {
      "version": "2.0.4",
      "resolved": "http://registry.npm.taobao.org/is-plain-object/download/is-plain-object-2.0.4.tgz",
      "integrity": "sha1-LBY7P6+xtgbZ0Xko8FwqHDjgdnc=",
      "dev": true,
      "requires": {
        "isobject": "3.0.1"
      }
    },
    "is-stream": {
      "version": "1.1.0",
      "resolved": "http://registry.npm.taobao.org/is-stream/download/is-stream-1.1.0.tgz",
      "integrity": "sha1-EtSj3U5o4Lec6428hBc66A2RykQ=",
      "dev": true
    },
    "isobject": {
      "version": "3.0.1",
      "resolved": "http://registry.npm.taobao.org/isobject/download/isobject-3.0.1.tgz",
      "integrity": "sha1-TkMekrEalzFjaqH5yNHMvP2reN8=",
      "dev": true
    },
    "isomorphic-fetch": {
      "version": "2.2.1",
      "resolved": "http://registry.npm.taobao.org/isomorphic-fetch/download/isomorphic-fetch-2.2.1.tgz",
      "integrity": "sha1-YRrhrPFPXoH3KVB0coGf6XM1WKk=",
      "dev": true,
      "requires": {
        "node-fetch": "1.7.3",
        "whatwg-fetch": "2.0.3"
      }
    },
    "iterall": {
      "version": "1.1.3",
      "resolved": "http://registry.npm.taobao.org/iterall/download/iterall-1.1.3.tgz",
      "integrity": "sha1-HLv/liBAVt3mZW4u0uIibQ5tcsk=",
      "dev": true
    },
    "js-tokens": {
      "version": "3.0.2",
      "resolved": "http://registry.npm.taobao.org/js-tokens/download/js-tokens-3.0.2.tgz",
      "integrity": "sha1-mGbfOVECEw449/mWvOtlRDIJwls=",
      "dev": true
    },
    "js-yaml": {
      "version": "3.10.0",
      "resolved": "http://registry.npm.taobao.org/js-yaml/download/js-yaml-3.10.0.tgz",
      "integrity": "sha1-LnhEFka9RoLpY/IrbpKCPDCcYtw=",
      "dev": true,
      "requires": {
        "argparse": "1.0.9",
        "esprima": "4.0.0"
      }
    },
    "lodash": {
      "version": "4.17.4",
      "resolved": "http://registry.npm.taobao.org/lodash/download/lodash-4.17.4.tgz",
      "integrity": "sha1-eCA6TRwyiuHYbcpkYONptX9AVa4=",
      "dev": true
    },
    "lodash.debounce": {
      "version": "4.0.8",
      "resolved": "http://registry.npm.taobao.org/lodash.debounce/download/lodash.debounce-4.0.8.tgz",
      "integrity": "sha1-gteb/zCmfEAF/9XiUVMArZyk168=",
      "dev": true
    },
    "loose-envify": {
      "version": "1.3.1",
      "resolved": "http://registry.npm.taobao.org/loose-envify/download/loose-envify-1.3.1.tgz",
      "integrity": "sha1-0aitM/qc4OcT1l/dCsi3SNR4yEg=",
      "dev": true,
      "requires": {
        "js-tokens": "3.0.2"
      }
    },
    "marked": {
      "version": "0.3.7",
      "resolved": "http://registry.npm.taobao.org/marked/download/marked-0.3.7.tgz",
      "integrity": "sha1-gO87vxvQDRyc/r5CuhuMhdoljQ0=",
      "dev": true
    },
    "marksy": {
      "version": "2.0.1",
      "resolved": "http://registry.npm.taobao.org/marksy/download/marksy-2.0.1.tgz",
      "integrity": "sha1-AZ65wT/zcSDOTd3rd3SroVK11+A=",
      "dev": true,
      "requires": {
        "babel-standalone": "6.26.0",
        "he": "1.1.1",
        "marked": "0.3.7"
      }
    },
    "material-colors": {
      "version": "1.2.5",
      "resolved": "http://registry.npm.taobao.org/material-colors/download/material-colors-1.2.5.tgz",
      "integrity": "sha1-UpJZPmdUyxvMK5gDDk4Najr8nqE=",
      "dev": true
    },
    "min-document": {
      "version": "2.19.0",
      "resolved": "http://registry.npm.taobao.org/min-document/download/min-document-2.19.0.tgz",
      "integrity": "sha1-e9KC4/WELtKVu3SM3Z8f+iyCRoU=",
      "dev": true,
      "requires": {
        "dom-walk": "0.1.1"
      }
    },
    "minimatch": {
      "version": "3.0.4",
      "resolved": "http://registry.npm.taobao.org/minimatch/download/minimatch-3.0.4.tgz",
      "integrity": "sha1-UWbihkV/AzBgZL5Ul+jbsMPTIIM=",
      "dev": true,
      "requires": {
        "brace-expansion": "1.1.8"
      }
    },
    "moment": {
      "version": "2.19.3",
      "resolved": "http://registry.npm.taobao.org/moment/download/moment-2.19.3.tgz",
      "integrity": "sha1-vbmdJw1tf9p4zA+6zoVeJ/59pp8=",
      "dev": true
    },
    "node-fetch": {
      "version": "1.7.3",
      "resolved": "http://registry.npm.taobao.org/node-fetch/download/node-fetch-1.7.3.tgz",
      "integrity": "sha1-mA9vcthSEaU0fGsrwYxbhMPrR+8=",
      "dev": true,
      "requires": {
        "encoding": "0.1.12",
        "is-stream": "1.1.0"
      }
    },
    "object-assign": {
      "version": "4.1.1",
      "resolved": "http://registry.npm.taobao.org/object-assign/download/object-assign-4.1.1.tgz",
      "integrity": "sha1-IQmtx5ZYh8/AXLvUQsrIv7s2CGM=",
      "dev": true
    },
    "once": {
      "version": "1.4.0",
      "resolved": "http://registry.npm.taobao.org/once/download/once-1.4.0.tgz",
      "integrity": "sha1-WDsap3WWHUsROsF9nFC6753Xa9E=",
      "dev": true,
      "requires": {
        "wrappy": "1.0.2"
      }
    },
    "parse5": {
      "version": "3.0.3",
      "resolved": "http://registry.npm.taobao.org/parse5/download/parse5-3.0.3.tgz",
      "integrity": "sha1-BC95L/3TaFFVHPTp4Gazh0q0W1w=",
      "dev": true,
      "requires": {
        "@types/node": "8.0.55"
      }
    },
    "path-is-absolute": {
      "version": "1.0.1",
      "resolved": "http://registry.npm.taobao.org/path-is-absolute/download/path-is-absolute-1.0.1.tgz",
      "integrity": "sha1-F0uSaHNVNP+8es5r9TpanhtcX18=",
      "dev": true
    },
    "process": {
      "version": "0.5.2",
      "resolved": "http://registry.npm.taobao.org/process/download/process-0.5.2.tgz",
      "integrity": "sha1-FjjYqONML0QKkduVq5rrZ3/Bhc8=",
      "dev": true
    },
    "promise": {
      "version": "7.3.1",
      "resolved": "http://registry.npm.taobao.org/promise/download/promise-7.3.1.tgz",
      "integrity": "sha1-BktyYCsY+Q8pGSuLG8QY/9Hr078=",
      "dev": true,
      "requires": {
        "asap": "2.0.6"
      }
    },
    "prop-types": {
      "version": "15.6.0",
      "resolved": "http://registry.npm.taobao.org/prop-types/download/prop-types-15.6.0.tgz",
      "integrity": "sha1-zq8IMCL8RrSjX2nhPvda7Q1jmFY=",
      "dev": true,
      "requires": {
        "fbjs": "0.8.16",
        "loose-envify": "1.3.1",
        "object-assign": "4.1.1"
      }
    },
    "react-addons-create-fragment": {
      "version": "15.6.2",
      "resolved": "http://registry.npm.taobao.org/react-addons-create-fragment/download/react-addons-create-fragment-15.6.2.tgz",
      "integrity": "sha1-o5TefCx77Na1R1uhuXrEcs58dPg=",
      "dev": true,
      "requires": {
        "fbjs": "0.8.16",
        "loose-envify": "1.3.1",
        "object-assign": "4.1.1"
      }
    },
    "react-attr-converter": {
      "version": "0.3.1",
      "resolved": "http://registry.npm.taobao.org/react-attr-converter/download/react-attr-converter-0.3.1.tgz",
      "integrity": "sha1-Siq/bZB7fdrk2GLf7IDkic5BrW4=",
      "dev": true
    },
    "react-color": {
      "version": "2.13.8",
      "resolved": "http://registry.npm.taobao.org/react-color/download/react-color-2.13.8.tgz",
      "integrity": "sha1-vMWPeaciub/DfEAuaM0Y8mlwruQ=",
      "dev": true,
      "requires": {
        "lodash": "4.17.4",
        "material-colors": "1.2.5",
        "prop-types": "15.6.0",
        "reactcss": "1.2.3",
        "tinycolor2": "1.4.1"
      }
    },
    "react-datetime": {
      "version": "2.11.1",
      "resolved": "http://registry.npm.taobao.org/react-datetime/download/react-datetime-2.11.1.tgz",
      "integrity": "sha1-EdFQgd19ZykoTiHBuOp7l1473H4=",
      "dev": true,
      "requires": {
        "create-react-class": "15.6.2",
        "object-assign": "3.0.0",
        "prop-types": "15.6.0",
        "react-onclickoutside": "6.7.0"
      },
      "dependencies": {
        "object-assign": {
          "version": "3.0.0",
          "resolved": "http://registry.npm.taobao.org/object-assign/download/object-assign-3.0.0.tgz",
          "integrity": "sha1-m+3VygiXlJvKR+f/QIBi1Un1h/I=",
          "dev": true
        }
      }
    },
    "react-html-attributes": {
      "version": "1.4.1",
      "resolved": "http://registry.npm.taobao.org/react-html-attributes/download/react-html-attributes-1.4.1.tgz",
      "integrity": "sha1-l7XscQ2miDNZjIvm+JrENiFoQKU=",
      "dev": true,
      "requires": {
        "html-element-attributes": "1.3.0"
      }
    },
    "react-onclickoutside": {
      "version": "6.7.0",
      "resolved": "http://registry.npm.taobao.org/react-onclickoutside/download/react-onclickoutside-6.7.0.tgz",
      "integrity": "sha1-mXpNUzEUyaChBJE2OKomr8CE91w=",
      "dev": true
    },
    "react-render-html": {
      "version": "0.6.0",
      "resolved": "http://registry.npm.taobao.org/react-render-html/download/react-render-html-0.6.0.tgz",
      "integrity": "sha1-GvUdhZ7XVHRDWhxlwpOkjhLDZic=",
      "dev": true,
      "requires": {
        "parse5": "3.0.3",
        "react-attr-converter": "0.3.1"
      }
    },
    "react-textarea-autosize": {
      "version": "5.2.1",
      "resolved": "http://registry.npm.taobao.org/react-textarea-autosize/download/react-textarea-autosize-5.2.1.tgz",
      "integrity": "sha1-K3j5BnGA9BsIrFn3jxWBq63WHlQ=",
      "dev": true,
      "requires": {
        "prop-types": "15.6.0"
      }
    },
    "reactcss": {
      "version": "1.2.3",
      "resolved": "http://registry.npm.taobao.org/reactcss/download/reactcss-1.2.3.tgz",
      "integrity": "sha1-wAATh15Vexzw39mjaKHD2rO1SN0=",
      "dev": true,
      "requires": {
        "lodash": "4.17.4"
      }
    },
    "regenerator-runtime": {
      "version": "0.11.0",
      "resolved": "http://registry.npm.taobao.org/regenerator-runtime/download/regenerator-runtime-0.11.0.tgz",
      "integrity": "sha1-flT+W1zNXWYk6mJVw0c74JC4AuE=",
      "dev": true
    },
    "rimraf": {
      "version": "2.6.2",
      "resolved": "http://registry.npm.taobao.org/rimraf/download/rimraf-2.6.2.tgz",
      "integrity": "sha1-LtgVDSShbqhlHm1u8PR8QVjOejY=",
      "dev": true,
      "requires": {
        "glob": "7.1.2"
      }
    },
    "setimmediate": {
      "version": "1.0.5",
      "resolved": "http://registry.npm.taobao.org/setimmediate/download/setimmediate-1.0.5.tgz",
      "integrity": "sha1-KQy7Iy4waULX1+qbg3Mqt4VvgoU=",
      "dev": true
    },
    "sprintf-js": {
      "version": "1.0.3",
      "resolved": "http://registry.npm.taobao.org/sprintf-js/download/sprintf-js-1.0.3.tgz",
      "integrity": "sha1-BOaSb2YolTVPPdAVIDYzuFcpfiw=",
      "dev": true
    },
    "svg-tag-names": {
      "version": "1.1.1",
      "resolved": "http://registry.npm.taobao.org/svg-tag-names/download/svg-tag-names-1.1.1.tgz",
      "integrity": "sha1-lkGynvcQJe4JTHBD983efZn71Qo=",
      "dev": true
    },
    "through": {
      "version": "2.3.8",
      "resolved": "http://registry.npm.taobao.org/through/download/through-2.3.8.tgz",
      "integrity": "sha1-DdTJ/6q8NXlgsbckEV1+Doai4fU=",
      "dev": true
    },
    "tinycolor2": {
      "version": "1.4.1",
      "resolved": "http://registry.npm.taobao.org/tinycolor2/download/tinycolor2-1.4.1.tgz",
      "integrity": "sha1-9PrTM0R7wLB9TcjpIJ2POaisd+g=",
      "dev": true
    },
    "ua-parser-js": {
      "version": "0.7.17",
      "resolved": "http://registry.npm.taobao.org/ua-parser-js/download/ua-parser-js-0.7.17.tgz",
      "integrity": "sha1-6exflJi57JEOeuOsYmqAXE0J7Kw=",
      "dev": true
    },
    "util-deprecate": {
      "version": "1.0.2",
      "resolved": "http://registry.npm.taobao.org/util-deprecate/download/util-deprecate-1.0.2.tgz",
      "integrity": "sha1-RQ1Nyfpw3nMnYvvS1KKJgUGaDM8=",
      "dev": true
    },
    "whatwg-fetch": {
      "version": "2.0.3",
      "resolved": "http://registry.npm.taobao.org/whatwg-fetch/download/whatwg-fetch-2.0.3.tgz",
      "integrity": "sha1-nITsLc9oGH/wC8ZOEnS0QhduHIQ=",
      "dev": true
    },
    "wrappy": {
      "version": "1.0.2",
      "resolved": "http://registry.npm.taobao.org/wrappy/download/wrappy-1.0.2.tgz",
      "integrity": "sha1-tSQ9jz7BqjXxNkYFvA0QNuMKtp8=",
      "dev": true
    }
  }
}
